
Microsoft Visual Studio Solution File, Format Version 12.00
# Visual Studio Version 18
VisualStudioVersion = 18.2.11430.68 d18.0
MinimumVisualStudioVersion = 10.0.40219.1
Project("{FAE04EC0-301F-11D3-BF4B-00C04F79EFBC}") = "Secret_Project_Backend", "Secret_Project_Backend\Secret_Project_Backend.csproj", "{ED792BD8-E8F9-4A32-A160-6B127314C594}"
EndProject
Project("{FAE04EC0-301F-11D3-BF4B-00C04F79EFBC}") = "SecretProject.Service.Platform", "SecretProject.Service.Platform\SecretProject.Service.Platform.csproj", "{44EB75BB-D876-4962-9FFA-361C83BA59D2}"
EndProject
Project("{2150E333-8FDC-42A3-9474-1A3956D46DE8}") = "Platform", "Platform", "{9F96A630-090A-49AA-B6CA-1A4E9707DB72}"
EndProject
Project("{FAE04EC0-301F-11D3-BF4B-00C04F79EFBC}") = "SecretProject.Platform.Data", "SecretProject.Platform.Data\SecretProject.Platform.Data.csproj", "{BF7B7124-B531-48C5-A5B2-FBF6DF4CF961}"
EndProject
Project("{FAE04EC0-301F-11D3-BF4B-00C04F79EFBC}") = "SecretProject.Service.HttpGateway.Web", "SecretProject.Service.HttpGateway.Web\SecretProject.Service.HttpGateway.Web.csproj", "{40A93B6B-8DC0-48BF-875A-919516526DF5}"
EndProject
Project("{2150E333-8FDC-42A3-9474-1A3956D46DE8}") = "Distribution", "Distribution", "{C29140B1-E4F9-4266-BA7B-CC88DA7AC476}"
EndProject
Project("{FAE04EC0-301F-11D3-BF4B-00C04F79EFBC}") = "SecretProject.Service.Email", "SecretProject.Service.Email\SecretProject.Service.Email.csproj", "{AB639D62-E627-4EC2-A412-8D64FDC67AE0}"
EndProject
Project("{FAE04EC0-301F-11D3-BF4B-00C04F79EFBC}") = "SecretProject.Service.SMS", "SecretProject.Service.SMS\SecretProject.Service.SMS.csproj", "{88BC2E7C-0F0E-411E-8F97-FEDC4DF9E631}"
EndProject
Global
	GlobalSection(SolutionConfigurationPlatforms) = preSolution
		Debug|Any CPU = Debug|Any CPU
		Release|Any CPU = Release|Any CPU
	EndGlobalSection
	GlobalSection(ProjectConfigurationPlatforms) = postSolution
		{ED792BD8-E8F9-4A32-A160-6B127314C594}.Debug|Any CPU.ActiveCfg = Debug|Any CPU
		{ED792BD8-E8F9-4A32-A160-6B127314C594}.Debug|Any CPU.Build.0 = Debug|Any CPU
		{ED792BD8-E8F9-4A32-A160-6B127314C594}.Release|Any CPU.ActiveCfg = Release|Any CPU
		{ED792BD8-E8F9-4A32-A160-6B127314C594}.Release|Any CPU.Build.0 = Release|Any CPU
		{44EB75BB-D876-4962-9FFA-361C83BA59D2}.Debug|Any CPU.ActiveCfg = Debug|Any CPU
		{44EB75BB-D876-4962-9FFA-361C83BA59D2}.Debug|Any CPU.Build.0 = Debug|Any CPU
		{44EB75BB-D876-4962-9FFA-361C83BA59D2}.Release|Any CPU.ActiveCfg = Release|Any CPU
		{44EB75BB-D876-4962-9FFA-361C83BA59D2}.Release|Any CPU.Build.0 = Release|Any CPU
		{BF7B7124-B531-48C5-A5B2-FBF6DF4CF961}.Debug|Any CPU.ActiveCfg = Debug|Any CPU
		{BF7B7124-B531-48C5-A5B2-FBF6DF4CF961}.Debug|Any CPU.Build.0 = Debug|Any CPU
		{BF7B7124-B531-48C5-A5B2-FBF6DF4CF961}.Release|Any CPU.ActiveCfg = Release|Any CPU
		{BF7B7124-B531-48C5-A5B2-FBF6DF4CF961}.Release|Any CPU.Build.0 = Release|Any CPU
		{40A93B6B-8DC0-48BF-875A-919516526DF5}.Debug|Any CPU.ActiveCfg = Debug|Any CPU
		{40A93B6B-8DC0-48BF-875A-919516526DF5}.Debug|Any CPU.Build.0 = Debug|Any CPU
		{40A93B6B-8DC0-48BF-875A-919516526DF5}.Release|Any CPU.ActiveCfg = Release|Any CPU
		{40A93B6B-8DC0-48BF-875A-919516526DF5}.Release|Any CPU.Build.0 = Release|Any CPU
		{AB639D62-E627-4EC2-A412-8D64FDC67AE0}.Debug|Any CPU.ActiveCfg = Debug|Any CPU
		{AB639D62-E627-4EC2-A412-8D64FDC67AE0}.Debug|Any CPU.Build.0 = Debug|Any CPU
		{AB639D62-E627-4EC2-A412-8D64FDC67AE0}.Release|Any CPU.ActiveCfg = Release|Any CPU
		{AB639D62-E627-4EC2-A412-8D64FDC67AE0}.Release|Any CPU.Build.0 = Release|Any CPU
		{88BC2E7C-0F0E-411E-8F97-FEDC4DF9E631}.Debug|Any CPU.ActiveCfg = Debug|Any CPU
		{88BC2E7C-0F0E-411E-8F97-FEDC4DF9E631}.Debug|Any CPU.Build.0 = Debug|Any CPU
		{88BC2E7C-0F0E-411E-8F97-FEDC4DF9E631}.Release|Any CPU.ActiveCfg = Release|Any CPU
		{88BC2E7C-0F0E-411E-8F97-FEDC4DF9E631}.Release|Any CPU.Build.0 = Release|Any CPU
	EndGlobalSection
	GlobalSection(SolutionProperties) = preSolution
		HideSolutionNode = FALSE
	EndGlobalSection
	GlobalSection(NestedProjects) = preSolution
		{44EB75BB-D876-4962-9FFA-361C83BA59D2} = {9F96A630-090A-49AA-B6CA-1A4E9707DB72}
		{BF7B7124-B531-48C5-A5B2-FBF6DF4CF961} = {9F96A630-090A-49AA-B6CA-1A4E9707DB72}
		{40A93B6B-8DC0-48BF-875A-919516526DF5} = {9F96A630-090A-49AA-B6CA-1A4E9707DB72}
		{AB639D62-E627-4EC2-A412-8D64FDC67AE0} = {C29140B1-E4F9-4266-BA7B-CC88DA7AC476}
		{88BC2E7C-0F0E-411E-8F97-FEDC4DF9E631} = {C29140B1-E4F9-4266-BA7B-CC88DA7AC476}
	EndGlobalSection
	GlobalSection(ExtensibilityGlobals) = postSolution
		SolutionGuid = {72BF4494-A5A4-402E-A3FF-371218352CB8}
	EndGlobalSection
EndGlobal
